{
  "nodes": {
    "determinate": {
      "inputs": {
        "determinate-nixd-aarch64-darwin": "determinate-nixd-aarch64-darwin",
        "determinate-nixd-aarch64-linux": "determinate-nixd-aarch64-linux",
        "determinate-nixd-x86_64-darwin": [
          "determinate",
          "determinate-nixd-aarch64-darwin"
        ],
        "determinate-nixd-x86_64-linux": "determinate-nixd-x86_64-linux",
        "nix": "nix",
        "nixpkgs": "nixpkgs_3"
      },
      "locked": {
        "lastModified": 1725983222,
        "narHash": "sha256-bMU7IppWV7ir71xGbcyi20ifsD4sFwqHNMuYQtKfD+o=",
        "rev": "ee1c24b52b7d1904308128ff8ed6a60f9bbd80c2",
        "revCount": 91,
        "type": "tarball",
        "url": "https://api.flakehub.com/f/pinned/DeterminateSystems/determinate/0.1.91%2Brev-ee1c24b52b7d1904308128ff8ed6a60f9bbd80c2/0191dca0-4394-7530-93a0-98db890817c6/source.tar.gz"
      },
      "original": {
        "type": "tarball",
        "url": "https://flakehub.com/f/DeterminateSystems/determinate/0.1"
      }
    },
    "determinate-nixd-aarch64-darwin": {
      "flake": false,
      "locked": {
        "narHash": "sha256-PE5iOUHttLNVnoW/HU2CJbIxDhwvpqM7ZehNxo8G45Q=",
        "type": "file",
        "url": "https://install.determinate.systems/determinate-nixd/rev/fb88a079cf330e8dfe20f4426a36ee663d7bb47e/macOS"
      },
      "original": {
        "type": "file",
        "url": "https://install.determinate.systems/determinate-nixd/rev/fb88a079cf330e8dfe20f4426a36ee663d7bb47e/macOS"
      }
    },
    "determinate-nixd-aarch64-linux": {
      "flake": false,
      "locked": {
        "narHash": "sha256-u1RycvQDu9VevkjHlfiNvbk566em52hDvq+KoLiY7Kg=",
        "type": "file",
        "url": "https://install.determinate.systems/determinate-nixd/rev/fb88a079cf330e8dfe20f4426a36ee663d7bb47e/aarch64-linux"
      },
      "original": {
        "type": "file",
        "url": "https://install.determinate.systems/determinate-nixd/rev/fb88a079cf330e8dfe20f4426a36ee663d7bb47e/aarch64-linux"
      }
    },
    "determinate-nixd-x86_64-linux": {
      "flake": false,
      "locked": {
        "narHash": "sha256-x4au1LaMr/SqiFcbt1GEq1QAlIf9AB9K0T/AH3AvrjY=",
        "type": "file",
        "url": "https://install.determinate.systems/determinate-nixd/rev/fb88a079cf330e8dfe20f4426a36ee663d7bb47e/x86_64-linux"
      },
      "original": {
        "type": "file",
        "url": "https://install.determinate.systems/determinate-nixd/rev/fb88a079cf330e8dfe20f4426a36ee663d7bb47e/x86_64-linux"
      }
    },
    "flake-compat": {
      "flake": false,
      "locked": {
        "lastModified": 1696426674,
        "narHash": "sha256-kvjfFW7WAETZlt09AgDn1MrtKzP7t90Vf7vypd3OL1U=",
        "owner": "edolstra",
        "repo": "flake-compat",
        "rev": "0f9255e01c2351cc7d116c072cb317785dd33b33",
        "type": "github"
      },
      "original": {
        "owner": "edolstra",
        "repo": "flake-compat",
        "type": "github"
      }
    },
    "flake-parts": {
      "inputs": {
        "nixpkgs-lib": [
          "determinate",
          "nix",
          "nix",
          "nixpkgs"
        ]
      },
      "locked": {
        "lastModified": 1719994518,
        "narHash": "sha256-pQMhCCHyQGRzdfAkdJ4cIWiw+JNuWsTX7f0ZYSyz0VY=",
        "owner": "hercules-ci",
        "repo": "flake-parts",
        "rev": "9227223f6d922fee3c7b190b2cc238a99527bbb7",
        "type": "github"
      },
      "original": {
        "owner": "hercules-ci",
        "repo": "flake-parts",
        "type": "github"
      }
    },
    "git-hooks-nix": {
      "inputs": {
        "flake-compat": [
          "determinate",
          "nix",
          "nix"
        ],
        "gitignore": [
          "determinate",
          "nix",
          "nix"
        ],
        "nixpkgs": [
          "determinate",
          "nix",
          "nix",
          "nixpkgs"
        ],
        "nixpkgs-stable": [
          "determinate",
          "nix",
          "nix",
          "nixpkgs"
        ]
      },
      "locked": {
        "lastModified": 1721042469,
        "narHash": "sha256-6FPUl7HVtvRHCCBQne7Ylp4p+dpP3P/OYuzjztZ4s70=",
        "owner": "cachix",
        "repo": "git-hooks.nix",
        "rev": "f451c19376071a90d8c58ab1a953c6e9840527fd",
        "type": "github"
      },
      "original": {
        "owner": "cachix",
        "repo": "git-hooks.nix",
        "type": "github"
      }
    },
    "home-manager": {
      "inputs": {
        "nixpkgs": [
          "nixpkgs"
        ]
      },
      "locked": {
        "lastModified": 1726036828,
        "narHash": "sha256-ZQHbpyti0jcAKnwQY1lwmooecLmSG6wX1JakQ/eZNeM=",
        "owner": "nix-community",
        "repo": "home-manager",
        "rev": "8a1671642826633586d12ac3158e463c7a50a112",
        "type": "github"
      },
      "original": {
        "owner": "nix-community",
        "repo": "home-manager",
        "type": "github"
      }
    },
    "libgit2": {
      "flake": false,
      "locked": {
        "lastModified": 1715853528,
        "narHash": "sha256-J2rCxTecyLbbDdsyBWn9w7r3pbKRMkI9E7RvRgAqBdY=",
        "owner": "libgit2",
        "repo": "libgit2",
        "rev": "36f7e21ad757a3dacc58cf7944329da6bc1d6e96",
        "type": "github"
      },
      "original": {
        "owner": "libgit2",
        "ref": "v1.8.1",
        "repo": "libgit2",
        "type": "github"
      }
    },
    "nix": {
      "inputs": {
        "nix": "nix_2",
        "nixpkgs": "nixpkgs_2"
      },
      "locked": {
        "lastModified": 1725969110,
        "narHash": "sha256-nYLR/BrRbz+CZI3yD3K0DtZDwpDrdC3Lri8eAP9S6JQ=",
        "rev": "5dad5cea44bafbace2b3a170799c0b2f88982649",
        "revCount": 95,
        "type": "tarball",
        "url": "https://api.flakehub.com/f/pinned/DeterminateSystems/nix/2.24.6/0191dbcd-6673-792c-880f-f128cf5783a3/source.tar.gz"
      },
      "original": {
        "type": "tarball",
        "url": "https://flakehub.com/f/DeterminateSystems/nix/2.0"
      }
    },
    "nix-darwin": {
      "inputs": {
        "nixpkgs": [
          "nixpkgs"
        ]
      },
      "locked": {
        "lastModified": 1726032244,
        "narHash": "sha256-3VvRGPkpBJobQrFD3slQzMAwZlo4/UwxT8933U5tRVM=",
        "owner": "LnL7",
        "repo": "nix-darwin",
        "rev": "f4f18f3d7229845e1c9d517457b7a0b90a38b728",
        "type": "github"
      },
      "original": {
        "owner": "LnL7",
        "repo": "nix-darwin",
        "type": "github"
      }
    },
    "nix_2": {
      "inputs": {
        "flake-compat": "flake-compat",
        "flake-parts": "flake-parts",
        "git-hooks-nix": "git-hooks-nix",
        "libgit2": "libgit2",
        "nixpkgs": "nixpkgs",
        "nixpkgs-23-11": "nixpkgs-23-11",
        "nixpkgs-regression": "nixpkgs-regression"
      },
      "locked": {
        "lastModified": 1725964975,
        "narHash": "sha256-kgq3B+olx62bzGD5C6ighdAoDweLq+AebxVHcDnKH4w=",
        "rev": "eb11c1499876cd4c9c188cbda5b1003b36ce2e59",
        "revCount": 18120,
        "type": "tarball",
        "url": "https://api.flakehub.com/f/pinned/NixOS/nix/2.24.6/0191dbc1-50d0-7215-9d82-af9b1e8bb34f/source.tar.gz"
      },
      "original": {
        "type": "tarball",
        "url": "https://flakehub.com/f/NixOS/nix/%3D2.24.6"
      }
    },
    "nixpkgs": {
      "locked": {
        "lastModified": 1723688146,
        "narHash": "sha256-sqLwJcHYeWLOeP/XoLwAtYjr01TISlkOfz+NG82pbdg=",
        "owner": "NixOS",
        "repo": "nixpkgs",
        "rev": "c3d4ac725177c030b1e289015989da2ad9d56af0",
        "type": "github"
      },
      "original": {
        "owner": "NixOS",
        "ref": "nixos-24.05",
        "repo": "nixpkgs",
        "type": "github"
      }
    },
    "nixpkgs-23-11": {
      "locked": {
        "lastModified": 1717159533,
        "narHash": "sha256-oamiKNfr2MS6yH64rUn99mIZjc45nGJlj9eGth/3Xuw=",
        "owner": "NixOS",
        "repo": "nixpkgs",
        "rev": "a62e6edd6d5e1fa0329b8653c801147986f8d446",
        "type": "github"
      },
      "original": {
        "owner": "NixOS",
        "repo": "nixpkgs",
        "rev": "a62e6edd6d5e1fa0329b8653c801147986f8d446",
        "type": "github"
      }
    },
    "nixpkgs-regression": {
      "locked": {
        "lastModified": 1643052045,
        "narHash": "sha256-uGJ0VXIhWKGXxkeNnq4TvV3CIOkUJ3PAoLZ3HMzNVMw=",
        "owner": "NixOS",
        "repo": "nixpkgs",
        "rev": "215d4d0fd80ca5163643b03a33fde804a29cc1e2",
        "type": "github"
      },
      "original": {
        "owner": "NixOS",
        "repo": "nixpkgs",
        "rev": "215d4d0fd80ca5163643b03a33fde804a29cc1e2",
        "type": "github"
      }
    },
    "nixpkgs_2": {
      "locked": {
        "lastModified": 1725826545,
        "narHash": "sha256-L64N1rpLlXdc94H+F6scnrbuEu+utC03cDDVvvJGOME=",
        "rev": "f4c846aee8e1e29062aa8514d5e0ab270f4ec2f9",
        "revCount": 634968,
        "type": "tarball",
        "url": "https://api.flakehub.com/f/pinned/NixOS/nixpkgs/0.2405.634968%2Brev-f4c846aee8e1e29062aa8514d5e0ab270f4ec2f9/0191d88e-5a81-7c67-9eca-2a2f952b405b/source.tar.gz"
      },
      "original": {
        "type": "tarball",
        "url": "https://flakehub.com/f/NixOS/nixpkgs/%2A"
      }
    },
    "nixpkgs_3": {
      "locked": {
        "lastModified": 1724395761,
        "narHash": "sha256-zRkDV/nbrnp3Y8oCADf5ETl1sDrdmAW6/bBVJ8EbIdQ=",
        "rev": "ae815cee91b417be55d43781eb4b73ae1ecc396c",
        "revCount": 670565,
        "type": "tarball",
        "url": "https://api.flakehub.com/f/pinned/DeterminateSystems/nixpkgs-weekly/0.1.670565%2Brev-ae815cee91b417be55d43781eb4b73ae1ecc396c/01919255-003d-7f7f-adad-5b80321c1d2a/source.tar.gz"
      },
      "original": {
        "type": "tarball",
        "url": "https://flakehub.com/f/DeterminateSystems/nixpkgs-weekly/0.1.tar.gz"
      }
    },
    "nixpkgs_4": {
      "locked": {
        "lastModified": 1726042813,
        "narHash": "sha256-LnNKCCxnwgF+575y0pxUdlGZBO/ru1CtGHIqQVfvjlA=",
        "owner": "NixOs",
        "repo": "nixpkgs",
        "rev": "159be5db480d1df880a0135ca0bfed84c2f88353",
        "type": "github"
      },
      "original": {
        "owner": "NixOs",
        "ref": "nixpkgs-unstable",
        "repo": "nixpkgs",
        "type": "github"
      }
    },
    "root": {
      "inputs": {
        "determinate": "determinate",
        "home-manager": "home-manager",
        "nix-darwin": "nix-darwin",
        "nixpkgs": "nixpkgs_4"
      }
    }
  },
  "root": "root",
  "version": 7
}
